<Solution>
  <Folder Name="/src/">
    <Project Path="src/SuperOverlay.Dashboards/SuperOverlay.Dashboards.csproj" />
    <Project Path="src/SuperOverlay.iRacing/SuperOverlay.iRacing.csproj" />
    <Project Path="src/SuperOverlay.LayoutBuilder/SuperOverlay.LayoutBuilder.csproj" />
  </Folder>
</Solution>
